{
    "_readme": [
        "This file locks the dependencies of your project to a known state",
        "Read more about it at http://getcomposer.org/doc/01-basic-usage.md#composer-lock-the-lock-file",
        "This file is @generated automatically"
    ],
    "hash": "be68a55dfb4dff4eaabbbde8e55136d2",
    "packages": [
        {
            "name": "deweller/cliopts",
            "version": "dev-master",
            "source": {
                "type": "git",
                "url": "https://github.com/deweller/php-cliopts.git",
                "reference": "1923f3a7ad24062c6279c725579ff3af15141dec"
            },
            "dist": {
                "type": "zip",
                "url": "https://api.github.com/repos/deweller/php-cliopts/zipball/1923f3a7ad24062c6279c725579ff3af15141dec",
                "reference": "1923f3a7ad24062c6279c725579ff3af15141dec",
                "shasum": ""
            },
            "require": {
                "php": ">=5.3.0"
            },
            "type": "library",
            "autoload": {
                "psr-0": {
                    "CLIOpts": "src"
                }
            },
            "notification-url": "https://packagist.org/downloads/",
            "license": [
                "MIT"
            ],
            "authors": [
                {
                    "name": "Devon Weller",
                    "email": "dweller@devonweller.com",
                    "homepage": "http://devonweller.com"
                }
            ],
            "description": "A no-nonsense command-line options parser and help generator for PHP CLI apps.",
            "homepage": "https://github.com/deweller/php-cliopts",
            "keywords": [
                "cli",
                "command",
                "command-line",
                "getopt",
                "help",
                "line",
                "opt",
                "option"
            ],
            "time": "2013-02-28 00:05:11"
        },
        {
            "name": "guzzlehttp/guzzle",
            "version": "4.2.3",
            "source": {
                "type": "git",
                "url": "https://github.com/guzzle/guzzle.git",
                "reference": "66fd916e9f9130bc22c51450476823391cb2f67c"
            },
            "dist": {
                "type": "zip",
                "url": "https://api.github.com/repos/guzzle/guzzle/zipball/66fd916e9f9130bc22c51450476823391cb2f67c",
                "reference": "66fd916e9f9130bc22c51450476823391cb2f67c",
                "shasum": ""
            },
            "require": {
                "ext-json": "*",
                "guzzlehttp/streams": "~2.1",
                "php": ">=5.4.0"
            },
            "require-dev": {
                "ext-curl": "*",
                "phpunit/phpunit": "~4.0",
                "psr/log": "~1.0"
            },
            "suggest": {
                "ext-curl": "Guzzle will use specific adapters if cURL is present"
            },
            "type": "library",
            "extra": {
                "branch-alias": {
                    "dev-master": "4.2-dev"
                }
            },
            "autoload": {
                "psr-4": {
                    "GuzzleHttp\\": "src/"
                },
                "files": [
                    "src/functions.php"
                ]
            },
            "notification-url": "https://packagist.org/downloads/",
            "license": [
                "MIT"
            ],
            "authors": [
                {
                    "name": "Michael Dowling",
                    "email": "mtdowling@gmail.com",
                    "homepage": "https://github.com/mtdowling"
                }
            ],
            "description": "Guzzle is a PHP HTTP client library and framework for building RESTful web service clients",
            "homepage": "http://guzzlephp.org/",
            "keywords": [
                "client",
                "curl",
                "framework",
                "http",
                "http client",
                "rest",
                "web service"
            ],
            "time": "2014-10-05 19:29:14"
        },
        {
            "name": "guzzlehttp/streams",
            "version": "2.1.0",
            "source": {
                "type": "git",
                "url": "https://github.com/guzzle/streams.git",
                "reference": "f91b721d73f0e561410903b3b3c90a5d0e40b534"
            },
            "dist": {
                "type": "zip",
                "url": "https://api.github.com/repos/guzzle/streams/zipball/f91b721d73f0e561410903b3b3c90a5d0e40b534",
                "reference": "f91b721d73f0e561410903b3b3c90a5d0e40b534",
                "shasum": ""
            },
            "require": {
                "php": ">=5.4.0"
            },
            "require-dev": {
                "phpunit/phpunit": "~4.0"
            },
            "type": "library",
            "extra": {
                "branch-alias": {
                    "dev-master": "2.0-dev"
                }
            },
            "autoload": {
                "psr-4": {
                    "GuzzleHttp\\Stream\\": "src/"
                },
                "files": [
                    "src/functions.php"
                ]
            },
            "notification-url": "https://packagist.org/downloads/",
            "license": [
                "MIT"
            ],
            "authors": [
                {
                    "name": "Michael Dowling",
                    "email": "mtdowling@gmail.com",
                    "homepage": "https://github.com/mtdowling"
                }
            ],
            "description": "Provides a simple abstraction over streams of data (Guzzle 4+)",
            "homepage": "http://guzzlephp.org/",
            "keywords": [
                "Guzzle",
                "stream"
            ],
            "time": "2014-08-17 21:15:53"
        },
        {
            "name": "redbeanphp",
            "version": "4.1.4",
            "dist": {
                "type": "tar",
                "url": "http://www.redbeanphp.com/downloadredbean.php",
                "reference": null,
                "shasum": null
            },
            "type": "library"
        },
        {
            "name": "symfony/http-foundation",
            "version": "2.7.x-dev",
            "target-dir": "Symfony/Component/HttpFoundation",
            "source": {
                "type": "git",
                "url": "https://github.com/symfony/HttpFoundation.git",
                "reference": "2a6744f79b7f04c62fc819c6471d756213e6a99e"
            },
            "dist": {
                "type": "zip",
                "url": "https://api.github.com/repos/symfony/HttpFoundation/zipball/2a6744f79b7f04c62fc819c6471d756213e6a99e",
                "reference": "2a6744f79b7f04c62fc819c6471d756213e6a99e",
                "shasum": ""
            },
            "require": {
                "php": ">=5.3.9"
            },
            "require-dev": {
                "symfony/expression-language": "~2.4|~3.0.0"
            },
            "type": "library",
            "extra": {
                "branch-alias": {
                    "dev-master": "2.7-dev"
                }
            },
            "autoload": {
                "psr-0": {
                    "Symfony\\Component\\HttpFoundation\\": ""
                },
                "classmap": [
                    "Symfony/Component/HttpFoundation/Resources/stubs"
                ]
            },
            "notification-url": "https://packagist.org/downloads/",
            "license": [
                "MIT"
            ],
            "authors": [
                {
                    "name": "Symfony Community",
                    "homepage": "http://symfony.com/contributors"
                },
                {
                    "name": "Fabien Potencier",
                    "email": "fabien@symfony.com"
                }
            ],
            "description": "Symfony HttpFoundation Component",
            "homepage": "http://symfony.com",
            "time": "2015-01-13 07:22:42"
        },
        {
            "name": "tokenly/hmac-auth",
            "version": "dev-master",
            "source": {
                "type": "git",
                "url": "https://github.com/tokenly/hmac-auth.git",
                "reference": "c817437536562741ccf6ceb8955033a45f847f5f"
            },
            "dist": {
                "type": "zip",
                "url": "https://api.github.com/repos/tokenly/hmac-auth/zipball/c817437536562741ccf6ceb8955033a45f847f5f",
                "reference": "c817437536562741ccf6ceb8955033a45f847f5f",
                "shasum": ""
            },
            "require": {
                "guzzlehttp/guzzle": "~4",
                "php": ">=5.4.0",
                "symfony/http-foundation": "~2"
            },
            "require-dev": {
                "phpunit/phpunit": "~4"
            },
            "type": "library",
            "autoload": {
                "psr-0": {
                    "Tokenly\\HmacAuth": "src"
                }
            },
            "notification-url": "https://packagist.org/downloads/",
            "license": [
                "mit"
            ],
            "authors": [
                {
                    "name": "Devon Weller",
                    "email": "dweller@devonweller.com",
                    "homepage": "http://devonweller.com"
                }
            ],
            "description": "A library",
            "time": "2015-01-03 17:51:09"
        },
        {
            "name": "tokenly/xchain-client",
            "version": "dev-master",
            "source": {
                "type": "git",
                "url": "https://github.com/tokenly/xchain-client.git",
                "reference": "28a2d5d56b7bc40666d77cb3c200df233550888d"
            },
            "dist": {
                "type": "zip",
                "url": "https://api.github.com/repos/tokenly/xchain-client/zipball/28a2d5d56b7bc40666d77cb3c200df233550888d",
                "reference": "28a2d5d56b7bc40666d77cb3c200df233550888d",
                "shasum": ""
            },
            "require": {
                "guzzlehttp/guzzle": "4.*",
                "php": ">=5.5.0",
                "tokenly/hmac-auth": "dev-master"
            },
            "require-dev": {
                "phpunit/phpunit": "~4"
            },
            "type": "library",
            "autoload": {
                "psr-0": {
                    "Tokenly\\XChainClient": "src"
                }
            },
            "notification-url": "https://packagist.org/downloads/",
            "license": [
                "MIT"
            ],
            "authors": [
                {
                    "name": "Devon Weller",
                    "email": "dweller@devonweller.com",
                    "homepage": "http://devonweller.com"
                }
            ],
            "description": "A library",
            "time": "2015-01-08 17:14:45"
        }
    ],
    "packages-dev": [],
    "aliases": [],
    "minimum-stability": "dev",
    "stability-flags": {
        "tokenly/xchain-client": 20,
        "deweller/cliopts": 20
    },
    "prefer-stable": false,
    "prefer-lowest": false,
    "platform": [],
    "platform-dev": []
}
